// !$*UTF8*$!
{
	archiveVersion = 1;
	classes = {
	};
	objectVersion = 55;
	objects = {

/* Begin PBXBuildFile section */
		D41386D927FE140300AA8CEE /* DetailsOfVC.swift in Sources */ = {isa = PBXBuildFile; fileRef = D41386D827FE140300AA8CEE /* DetailsOfVC.swift */; };
		D41386DB27FE14B600AA8CEE /* DetailsOfStoryboard.storyboard in Resources */ = {isa = PBXBuildFile; fileRef = D41386DA27FE14B600AA8CEE /* DetailsOfStoryboard.storyboard */; };
		D424758127FFF6ED00AC4EF9 /* ModelPlace.swift in Sources */ = {isa = PBXBuildFile; fileRef = D424758027FFF6ED00AC4EF9 /* ModelPlace.swift */; };
		D427CC4928020940005C1BA0 /* denemeViewController.swift in Sources */ = {isa = PBXBuildFile; fileRef = D427CC4828020940005C1BA0 /* denemeViewController.swift */; };
		D4834DB327FB70B3006C6AD4 /* AppDelegate.swift in Sources */ = {isa = PBXBuildFile; fileRef = D4834DB227FB70B3006C6AD4 /* AppDelegate.swift */; };
		D4834DB527FB70B3006C6AD4 /* SceneDelegate.swift in Sources */ = {isa = PBXBuildFile; fileRef = D4834DB427FB70B3006C6AD4 /* SceneDelegate.swift */; };
		D4834DB727FB70B3006C6AD4 /* ViewController.swift in Sources */ = {isa = PBXBuildFile; fileRef = D4834DB627FB70B3006C6AD4 /* ViewController.swift */; };
		D4834DBA27FB70B3006C6AD4 /* Main.storyboard in Resources */ = {isa = PBXBuildFile; fileRef = D4834DB827FB70B3006C6AD4 /* Main.storyboard */; };
		D4834DBC27FB70B4006C6AD4 /* Assets.xcassets in Resources */ = {isa = PBXBuildFile; fileRef = D4834DBB27FB70B4006C6AD4 /* Assets.xcassets */; };
		D4834DBF27FB70B4006C6AD4 /* LaunchScreen.storyboard in Resources */ = {isa = PBXBuildFile; fileRef = D4834DBD27FB70B4006C6AD4 /* LaunchScreen.storyboard */; };
		D4834DC927FB7169006C6AD4 /* PlaceCell.swift in Sources */ = {isa = PBXBuildFile; fileRef = D4834DC727FB7169006C6AD4 /* PlaceCell.swift */; };
		D4834DCA27FB7169006C6AD4 /* PlaceCell.xib in Resources */ = {isa = PBXBuildFile; fileRef = D4834DC827FB7169006C6AD4 /* PlaceCell.xib */; };
		D4834DCD27FB71D9006C6AD4 /* UIExtantion.swift in Sources */ = {isa = PBXBuildFile; fileRef = D4834DCC27FB71D9006C6AD4 /* UIExtantion.swift */; };
/* End PBXBuildFile section */

/* Begin PBXFileReference section */
		D41386D827FE140300AA8CEE /* DetailsOfVC.swift */ = {isa = PBXFileReference; lastKnownFileType = sourcecode.swift; path = DetailsOfVC.swift; sourceTree = "<group>"; };
		D41386DA27FE14B600AA8CEE /* DetailsOfStoryboard.storyboard */ = {isa = PBXFileReference; lastKnownFileType = file.storyboard; path = DetailsOfStoryboard.storyboard; sourceTree = "<group>"; };
		D424758027FFF6ED00AC4EF9 /* ModelPlace.swift */ = {isa = PBXFileReference; lastKnownFileType = sourcecode.swift; path = ModelPlace.swift; sourceTree = "<group>"; };
		D427CC4828020940005C1BA0 /* denemeViewController.swift */ = {isa = PBXFileReference; lastKnownFileType = sourcecode.swift; path = denemeViewController.swift; sourceTree = "<group>"; };
		D4834DAF27FB70B3006C6AD4 /* Search Of Historical Place.app */ = {isa = PBXFileReference; explicitFileType = wrapper.application; includeInIndex = 0; path = "Search Of Historical Place.app"; sourceTree = BUILT_PRODUCTS_DIR; };
		D4834DB227FB70B3006C6AD4 /* AppDelegate.swift */ = {isa = PBXFileReference; lastKnownFileType = sourcecode.swift; path = AppDelegate.swift; sourceTree = "<group>"; };
		D4834DB427FB70B3006C6AD4 /* SceneDelegate.swift */ = {isa = PBXFileReference; lastKnownFileType = sourcecode.swift; path = SceneDelegate.swift; sourceTree = "<group>"; };
		D4834DB627FB70B3006C6AD4 /* ViewController.swift */ = {isa = PBXFileReference; lastKnownFileType = sourcecode.swift; path = ViewController.swift; sourceTree = "<group>"; };
		D4834DB927FB70B3006C6AD4 /* Base */ = {isa = PBXFileReference; lastKnownFileType = file.storyboard; name = Base; path = Base.lproj/Main.storyboard; sourceTree = "<group>"; };
		D4834DBB27FB70B4006C6AD4 /* Assets.xcassets */ = {isa = PBXFileReference; lastKnownFileType = folder.assetcatalog; path = Assets.xcassets; sourceTree = "<group>"; };
		D4834DBE27FB70B4006C6AD4 /* Base */ = {isa = PBXFileReference; lastKnownFileType = file.storyboard; name = Base; path = Base.lproj/LaunchScreen.storyboard; sourceTree = "<group>"; };
		D4834DC027FB70B4006C6AD4 /* Info.plist */ = {isa = PBXFileReference; lastKnownFileType = text.plist.xml; path = Info.plist; sourceTree = "<group>"; };
		D4834DC727FB7169006C6AD4 /* PlaceCell.swift */ = {isa = PBXFileReference; lastKnownFileType = sourcecode.swift; path = PlaceCell.swift; sourceTree = "<group>"; };
		D4834DC827FB7169006C6AD4 /* PlaceCell.xib */ = {isa = PBXFileReference; lastKnownFileType = file.xib; path = PlaceCell.xib; sourceTree = "<group>"; };
		D4834DCC27FB71D9006C6AD4 /* UIExtantion.swift */ = {isa = PBXFileReference; lastKnownFileType = sourcecode.swift; path = UIExtantion.swift; sourceTree = "<group>"; };
/* End PBXFileReference section */

/* Begin PBXFrameworksBuildPhase section */
		D4834DAC27FB70B3006C6AD4 /* Frameworks */ = {
			isa = PBXFrameworksBuildPhase;
			buildActionMask = 2147483647;
			files = (
			);
			runOnlyForDeploymentPostprocessing = 0;
		};
/* End PBXFrameworksBuildPhase section */

/* Begin PBXGroup section */
		D424758227FFF70000AC4EF9 /* ModelUI */ = {
			isa = PBXGroup;
			children = (
				D424758027FFF6ED00AC4EF9 /* ModelPlace.swift */,
			);
			path = ModelUI;
			sourceTree = "<group>";
		};
		D4834DA627FB70B3006C6AD4 = {
			isa = PBXGroup;
			children = (
				D4834DB127FB70B3006C6AD4 /* Search Of Historical Place */,
				D4834DB027FB70B3006C6AD4 /* Products */,
			);
			sourceTree = "<group>";
		};
		D4834DB027FB70B3006C6AD4 /* Products */ = {
			isa = PBXGroup;
			children = (
				D4834DAF27FB70B3006C6AD4 /* Search Of Historical Place.app */,
			);
			name = Products;
			sourceTree = "<group>";
		};
		D4834DB127FB70B3006C6AD4 /* Search Of Historical Place */ = {
			isa = PBXGroup;
			children = (
				D424758227FFF70000AC4EF9 /* ModelUI */,
				D4834DC627FB710F006C6AD4 /* PlaceCell */,
				D4834DCE27FB71F0006C6AD4 /* UISelect */,
				D4EA404B27FEE4B10057463F /* UIDelegate */,
				D4834DBB27FB70B4006C6AD4 /* Assets.xcassets */,
				D4834DBD27FB70B4006C6AD4 /* LaunchScreen.storyboard */,
				D4834DC027FB70B4006C6AD4 /* Info.plist */,
			);
			path = "Search Of Historical Place";
			sourceTree = "<group>";
		};
		D4834DC627FB710F006C6AD4 /* PlaceCell */ = {
			isa = PBXGroup;
			children = (
				D4834DC727FB7169006C6AD4 /* PlaceCell.swift */,
				D4834DC827FB7169006C6AD4 /* PlaceCell.xib */,
			);
			path = PlaceCell;
			sourceTree = "<group>";
		};
		D4834DCB27FB71A2006C6AD4 /* Extantion */ = {
			isa = PBXGroup;
			children = (
				D4834DCC27FB71D9006C6AD4 /* UIExtantion.swift */,
			);
			path = Extantion;
			sourceTree = "<group>";
		};
		D4834DCE27FB71F0006C6AD4 /* UISelect */ = {
			isa = PBXGroup;
			children = (
				D4834DB827FB70B3006C6AD4 /* Main.storyboard */,
				D4834DB627FB70B3006C6AD4 /* ViewController.swift */,
				D41386DA27FE14B600AA8CEE /* DetailsOfStoryboard.storyboard */,
				D41386D827FE140300AA8CEE /* DetailsOfVC.swift */,
				D4834DCB27FB71A2006C6AD4 /* Extantion */,
				D427CC4828020940005C1BA0 /* denemeViewController.swift */,
			);
			path = UISelect;
			sourceTree = "<group>";
		};
		D4EA404B27FEE4B10057463F /* UIDelegate */ = {
			isa = PBXGroup;
			children = (
				D4834DB427FB70B3006C6AD4 /* SceneDelegate.swift */,
				D4834DB227FB70B3006C6AD4 /* AppDelegate.swift */,
			);
			path = UIDelegate;
			sourceTree = "<group>";
		};
/* End PBXGroup section */

/* Begin PBXNativeTarget section */
		D4834DAE27FB70B3006C6AD4 /* Search Of Historical Place */ = {
			isa = PBXNativeTarget;
			buildConfigurationList = D4834DC327FB70B4006C6AD4 /* Build configuration list for PBXNativeTarget "Search Of Historical Place" */;
			buildPhases = (
				D4834DAB27FB70B3006C6AD4 /* Sources */,
				D4834DAC27FB70B3006C6AD4 /* Frameworks */,
				D4834DAD27FB70B3006C6AD4 /* Resources */,
			);
			buildRules = (
			);
			dependencies = (
			);
			name = "Search Of Historical Place";
			productName = "Search Of Historical Place";
			productReference = D4834DAF27FB70B3006C6AD4 /* Search Of Historical Place.app */;
			productType = "com.apple.product-type.application";
		};
/* End PBXNativeTarget section */

/* Begin PBXProject section */
		D4834DA727FB70B3006C6AD4 /* Project object */ = {
			isa = PBXProject;
			attributes = {
				BuildIndependentTargetsInParallel = 1;
				LastSwiftUpdateCheck = 1330;
				LastUpgradeCheck = 1330;
				TargetAttributes = {
					D4834DAE27FB70B3006C6AD4 = {
						CreatedOnToolsVersion = 13.3;
					};
				};
			};
			buildConfigurationList = D4834DAA27FB70B3006C6AD4 /* Build configuration list for PBXProject "Search Of Historical Place" */;
			compatibilityVersion = "Xcode 13.0";
			developmentRegion = en;
			hasScannedForEncodings = 0;
			knownRegions = (
				en,
				Base,
			);
			mainGroup = D4834DA627FB70B3006C6AD4;
			productRefGroup = D4834DB027FB70B3006C6AD4 /* Products */;
			projectDirPath = "";
			projectRoot = "";
			targets = (
				D4834DAE27FB70B3006C6AD4 /* Search Of Historical Place */,
			);
		};
/* End PBXProject section */

/* Begin PBXResourcesBuildPhase section */
		D4834DAD27FB70B3006C6AD4 /* Resources */ = {
			isa = PBXResourcesBuildPhase;
			buildActionMask = 2147483647;
			files = (
				D4834DBF27FB70B4006C6AD4 /* LaunchScreen.storyboard in Resources */,
				D4834DBC27FB70B4006C6AD4 /* Assets.xcassets in Resources */,
				D41386DB27FE14B600AA8CEE /* DetailsOfStoryboard.storyboard in Resources */,
				D4834DBA27FB70B3006C6AD4 /* Main.storyboard in Resources */,
				D4834DCA27FB7169006C6AD4 /* PlaceCell.xib in Resources */,
			);
			runOnlyForDeploymentPostprocessing = 0;
		};
/* End PBXResourcesBuildPhase section */

/* Begin PBXSourcesBuildPhase section */
		D4834DAB27FB70B3006C6AD4 /* Sources */ = {
			isa = PBXSourcesBuildPhase;
			buildActionMask = 2147483647;
			files = (
				D4834DB727FB70B3006C6AD4 /* ViewController.swift in Sources */,
				D4834DB327FB70B3006C6AD4 /* AppDelegate.swift in Sources */,
				D427CC4928020940005C1BA0 /* denemeViewController.swift in Sources */,
				D424758127FFF6ED00AC4EF9 /* ModelPlace.swift in Sources */,
				D41386D927FE140300AA8CEE /* DetailsOfVC.swift in Sources */,
				D4834DB527FB70B3006C6AD4 /* SceneDelegate.swift in Sources */,
				D4834DC927FB7169006C6AD4 /* PlaceCell.swift in Sources */,
				D4834DCD27FB71D9006C6AD4 /* UIExtantion.swift in Sources */,
			);
			runOnlyForDeploymentPostprocessing = 0;
		};
/* End PBXSourcesBuildPhase section */

/* Begin PBXVariantGroup section */
		D4834DB827FB70B3006C6AD4 /* Main.storyboard */ = {
			isa = PBXVariantGroup;
			children = (
				D4834DB927FB70B3006C6AD4 /* Base */,
			);
			name = Main.storyboard;
			sourceTree = "<group>";
		};
		D4834DBD27FB70B4006C6AD4 /* LaunchScreen.storyboard */ = {
			isa = PBXVariantGroup;
			children = (
				D4834DBE27FB70B4006C6AD4 /* Base */,
			);
			name = LaunchScreen.storyboard;
			sourceTree = "<group>";
		};
/* End PBXVariantGroup section */

/* Begin XCBuildConfiguration section */
		D4834DC127FB70B4006C6AD4 /* Debug */ = {
			isa = XCBuildConfiguration;
			buildSettings = {
				ALWAYS_SEARCH_USER_PATHS = NO;
				CLANG_ANALYZER_NONNULL = YES;
				CLANG_ANALYZER_NUMBER_OBJECT_CONVERSION = YES_AGGRESSIVE;
				CLANG_CXX_LANGUAGE_STANDARD = "gnu++17";
				CLANG_ENABLE_MODULES = YES;
				CLANG_ENABLE_OBJC_ARC = YES;
				CLANG_ENABLE_OBJC_WEAK = YES;
				CLANG_WARN_BLOCK_CAPTURE_AUTORELEASING = YES;
				CLANG_WARN_BOOL_CONVERSION = YES;
				CLANG_WARN_COMMA = YES;
				CLANG_WARN_CONSTANT_CONVERSION = YES;
				CLANG_WARN_DEPRECATED_OBJC_IMPLEMENTATIONS = YES;
				CLANG_WARN_DIRECT_OBJC_ISA_USAGE = YES_ERROR;
				CLANG_WARN_DOCUMENTATION_COMMENTS = YES;
				CLANG_WARN_EMPTY_BODY = YES;
				CLANG_WARN_ENUM_CONVERSION = YES;
				CLANG_WARN_INFINITE_RECURSION = YES;
				CLANG_WARN_INT_CONVERSION = YES;
				CLANG_WARN_NON_LITERAL_NULL_CONVERSION = YES;
				CLANG_WARN_OBJC_IMPLICIT_RETAIN_SELF = YES;
				CLANG_WARN_OBJC_LITERAL_CONVERSION = YES;
				CLANG_WARN_OBJC_ROOT_CLASS = YES_ERROR;
				CLANG_WARN_QUOTED_INCLUDE_IN_FRAMEWORK_HEADER = YES;
				CLANG_WARN_RANGE_LOOP_ANALYSIS = YES;
				CLANG_WARN_STRICT_PROTOTYPES = YES;
				CLANG_WARN_SUSPICIOUS_MOVE = YES;
				CLANG_WARN_UNGUARDED_AVAILABILITY = YES_AGGRESSIVE;
				CLANG_WARN_UNREACHABLE_CODE = YES;
				CLANG_WARN__DUPLICATE_METHOD_MATCH = YES;
				COPY_PHASE_STRIP = NO;
				DEBUG_INFORMATION_FORMAT = dwarf;
				ENABLE_STRICT_OBJC_MSGSEND = YES;
				ENABLE_TESTABILITY = YES;
				GCC_C_LANGUAGE_STANDARD = gnu11;
				GCC_DYNAMIC_NO_PIC = NO;
				GCC_NO_COMMON_BLOCKS = YES;
				GCC_OPTIMIZATION_LEVEL = 0;
				GCC_PREPROCESSOR_DEFINITIONS = (
					"DEBUG=1",
					"$(inherited)",
				);
				GCC_WARN_64_TO_32_BIT_CONVERSION = YES;
				GCC_WARN_ABOUT_RETURN_TYPE = YES_ERROR;
				GCC_WARN_UNDECLARED_SELECTOR = YES;
				GCC_WARN_UNINITIALIZED_AUTOS = YES_AGGRESSIVE;
				GCC_WARN_UNUSED_FUNCTION = YES;
				GCC_WARN_UNUSED_VARIABLE = YES;
				IPHONEOS_DEPLOYMENT_TARGET = 15.4;
				MTL_ENABLE_DEBUG_INFO = INCLUDE_SOURCE;
				MTL_FAST_MATH = YES;
				ONLY_ACTIVE_ARCH = YES;
				SDKROOT = iphoneos;
				SWIFT_ACTIVE_COMPILATION_CONDITIONS = DEBUG;
				SWIFT_OPTIMIZATION_LEVEL = "-Onone";
			};
			name = Debug;
		};
		D4834DC227FB70B4006C6AD4 /* Release */ = {
			isa = XCBuildConfiguration;
			buildSettings = {
				ALWAYS_SEARCH_USER_PATHS = NO;
				CLANG_ANALYZER_NONNULL = YES;
				CLANG_ANALYZER_NUMBER_OBJECT_CONVERSION = YES_AGGRESSIVE;
				CLANG_CXX_LANGUAGE_STANDARD = "gnu++17";
				CLANG_ENABLE_MODULES = YES;
				CLANG_ENABLE_OBJC_ARC = YES;
				CLANG_ENABLE_OBJC_WEAK = YES;
				CLANG_WARN_BLOCK_CAPTURE_AUTORELEASING = YES;
				CLANG_WARN_BOOL_CONVERSION = YES;
				CLANG_WARN_COMMA = YES;
				CLANG_WARN_CONSTANT_CONVERSION = YES;
				CLANG_WARN_DEPRECATED_OBJC_IMPLEMENTATIONS = YES;
				CLANG_WARN_DIRECT_OBJC_ISA_USAGE = YES_ERROR;
				CLANG_WARN_DOCUMENTATION_COMMENTS = YES;
				CLANG_WARN_EMPTY_BODY = YES;
				CLANG_WARN_ENUM_CONVERSION = YES;
				CLANG_WARN_INFINITE_RECURSION = YES;
				CLANG_WARN_INT_CONVERSION = YES;
				CLANG_WARN_NON_LITERAL_NULL_CONVERSION = YES;
				CLANG_WARN_OBJC_IMPLICIT_RETAIN_SELF = YES;
				CLANG_WARN_OBJC_LITERAL_CONVERSION = YES;
				CLANG_WARN_OBJC_ROOT_CLASS = YES_ERROR;
				CLANG_WARN_QUOTED_INCLUDE_IN_FRAMEWORK_HEADER = YES;
				CLANG_WARN_RANGE_LOOP_ANALYSIS = YES;
				CLANG_WARN_STRICT_PROTOTYPES = YES;
				CLANG_WARN_SUSPICIOUS_MOVE = YES;
				CLANG_WARN_UNGUARDED_AVAILABILITY = YES_AGGRESSIVE;
				CLANG_WARN_UNREACHABLE_CODE = YES;
				CLANG_WARN__DUPLICATE_METHOD_MATCH = YES;
				COPY_PHASE_STRIP = NO;
				DEBUG_INFORMATION_FORMAT = "dwarf-with-dsym";
				ENABLE_NS_ASSERTIONS = NO;
				ENABLE_STRICT_OBJC_MSGSEND = YES;
				GCC_C_LANGUAGE_STANDARD = gnu11;
				GCC_NO_COMMON_BLOCKS = YES;
				GCC_WARN_64_TO_32_BIT_CONVERSION = YES;
				GCC_WARN_ABOUT_RETURN_TYPE = YES_ERROR;
				GCC_WARN_UNDECLARED_SELECTOR = YES;
				GCC_WARN_UNINITIALIZED_AUTOS = YES_AGGRESSIVE;
				GCC_WARN_UNUSED_FUNCTION = YES;
				GCC_WARN_UNUSED_VARIABLE = YES;
				IPHONEOS_DEPLOYMENT_TARGET = 15.4;
				MTL_ENABLE_DEBUG_INFO = NO;
				MTL_FAST_MATH = YES;
				SDKROOT = iphoneos;
				SWIFT_COMPILATION_MODE = wholemodule;
				SWIFT_OPTIMIZATION_LEVEL = "-O";
				VALIDATE_PRODUCT = YES;
			};
			name = Release;
		};
		D4834DC427FB70B4006C6AD4 /* Debug */ = {
			isa = XCBuildConfiguration;
			buildSettings = {
				ASSETCATALOG_COMPILER_APPICON_NAME = AppIcon;
				ASSETCATALOG_COMPILER_GLOBAL_ACCENT_COLOR_NAME = AccentColor;
				CODE_SIGN_STYLE = Automatic;
				CURRENT_PROJECT_VERSION = 1;
				DEVELOPMENT_TEAM = ZUBBCB62N3;
				GENERATE_INFOPLIST_FILE = YES;
				INFOPLIST_FILE = "Search Of Historical Place/Info.plist";
				INFOPLIST_KEY_UIApplicationSupportsIndirectInputEvents = YES;
				INFOPLIST_KEY_UILaunchStoryboardName = LaunchScreen;
				INFOPLIST_KEY_UIMainStoryboardFile = Main;
				INFOPLIST_KEY_UISupportedInterfaceOrientations_iPad = "UIInterfaceOrientationPortrait UIInterfaceOrientationPortraitUpsideDown UIInterfaceOrientationLandscapeLeft UIInterfaceOrientationLandscapeRight";
				INFOPLIST_KEY_UISupportedInterfaceOrientations_iPhone = "UIInterfaceOrientationPortrait UIInterfaceOrientationLandscapeLeft UIInterfaceOrientationLandscapeRight";
				LD_RUNPATH_SEARCH_PATHS = (
					"$(inherited)",
					"@executable_path/Frameworks",
				);
				MARKETING_VERSION = 1.0;
				PRODUCT_BUNDLE_IDENTIFIER = "com.salihkir.Search-Of-Historical-Place";
				PRODUCT_NAME = "$(TARGET_NAME)";
				SWIFT_EMIT_LOC_STRINGS = YES;
				SWIFT_VERSION = 5.0;
				TARGETED_DEVICE_FAMILY = "1,2";
			};
			name = Debug;
		};
		D4834DC527FB70B4006C6AD4 /* Release */ = {
			isa = XCBuildConfiguration;
			buildSettings = {
				ASSETCATALOG_COMPILER_APPICON_NAME = AppIcon;
				ASSETCATALOG_COMPILER_GLOBAL_ACCENT_COLOR_NAME = AccentColor;
				CODE_SIGN_STYLE = Automatic;
				CURRENT_PROJECT_VERSION = 1;
				DEVELOPMENT_TEAM = ZUBBCB62N3;
				GENERATE_INFOPLIST_FILE = YES;
				INFOPLIST_FILE = "Search Of Historical Place/Info.plist";
				INFOPLIST_KEY_UIApplicationSupportsIndirectInputEvents = YES;
				INFOPLIST_KEY_UILaunchStoryboardName = LaunchScreen;
				INFOPLIST_KEY_UIMainStoryboardFile = Main;
				INFOPLIST_KEY_UISupportedInterfaceOrientations_iPad = "UIInterfaceOrientationPortrait UIInterfaceOrientationPortraitUpsideDown UIInterfaceOrientationLandscapeLeft UIInterfaceOrientationLandscapeRight";
				INFOPLIST_KEY_UISupportedInterfaceOrientations_iPhone = "UIInterfaceOrientationPortrait UIInterfaceOrientationLandscapeLeft UIInterfaceOrientationLandscapeRight";
				LD_RUNPATH_SEARCH_PATHS = (
					"$(inherited)",
					"@executable_path/Frameworks",
				);
				MARKETING_VERSION = 1.0;
				PRODUCT_BUNDLE_IDENTIFIER = "com.salihkir.Search-Of-Historical-Place";
				PRODUCT_NAME = "$(TARGET_NAME)";
				SWIFT_EMIT_LOC_STRINGS = YES;
				SWIFT_VERSION = 5.0;
				TARGETED_DEVICE_FAMILY = "1,2";
			};
			name = Release;
		};
/* End XCBuildConfiguration section */

/* Begin XCConfigurationList section */
		D4834DAA27FB70B3006C6AD4 /* Build configuration list for PBXProject "Search Of Historical Place" */ = {
			isa = XCConfigurationList;
			buildConfigurations = (
				D4834DC127FB70B4006C6AD4 /* Debug */,
				D4834DC227FB70B4006C6AD4 /* Release */,
			);
			defaultConfigurationIsVisible = 0;
			defaultConfigurationName = Release;
		};
		D4834DC327FB70B4006C6AD4 /* Build configuration list for PBXNativeTarget "Search Of Historical Place" */ = {
			isa = XCConfigurationList;
			buildConfigurations = (
				D4834DC427FB70B4006C6AD4 /* Debug */,
				D4834DC527FB70B4006C6AD4 /* Release */,
			);
			defaultConfigurationIsVisible = 0;
			defaultConfigurationName = Release;
		};
/* End XCConfigurationList section */
	};
	rootObject = D4834DA727FB70B3006C6AD4 /* Project object */;
}
